cloud.google.com/go v0.123.0 h1:2NAUJwPR47q+E35uaJeYoNhuNEM9kM8SjgRgdeOJUSE=
cloud.google.com/go v0.123.0/go.mod h1:xBoMV08QcqUGuPW65Qfm1o9Y4zKZBpGS+7bImXLTAZU=
github.com/MarkRosemaker/errpath v0.0.0-20260425165607-bbd4959d04d9 h1:z9JAM7/nPytzu4NSjcqt+5OXmAfhS2jNxyW/yNGd1yQ=
github.com/MarkRosemaker/errpath v0.0.0-20260425165607-bbd4959d04d9/go.mod h1:VnXpUlsS3n1gSToedcQl2FCARGoA16CyitbCanUIv+I=
github.com/MarkRosemaker/json2yaml v0.0.0-20251208203737-0c5e035d8679 h1:Ehygu3ptjMIiYoPFAlv1+dhHICgPS7L+frlXgpHrI7s=
github.com/MarkRosemaker/json2yaml v0.0.0-20251208203737-0c5e035d8679/go.mod h1:YClgw4GUdsjwPqIeR87ELIRtUnrePCAAsCR7TfVTTG4=
github.com/MarkRosemaker/jsonutil v0.0.0-20260219021936-617938803dbc h1:t9w40Vcbo+xt4kt+0ciNJ57xUI/zTSFrbZbKhqJYUMM=
github.com/MarkRosemaker/jsonutil v0.0.0-20260219021936-617938803dbc/go.mod h1:YMxjqWLxzxIzplnktbXq9020ZJNjf1/43A5NVJzY9mQ=
github.com/MarkRosemaker/openapi v0.0.0-20260425170619-2e1dd356134b h1:H/Y1FGFNbYr2fy6uWpJhxnO48zWI2DnqGK5eQrcBZcs=
github.com/MarkRosemaker/openapi v0.0.0-20260425170619-2e1dd356134b/go.mod h1:3FD1siPHAfmLJyL0rO7P60sLBU/24xYhEWHzIgCwOTY=
github.com/MarkRosemaker/ordmap v0.0.0-20260425170514-92d7b5a9ed20 h1:7HaT/jDNbL9q2sI24A7OeURmLaNK37R/or+slicQpqE=
github.com/MarkRosemaker/ordmap v0.0.0-20260425170514-92d7b5a9ed20/go.mod h1:5WZFIaozgWpZU1BvId2cI0D1+jzcVJ4Z6+vPAmYHjCI=
github.com/MarkRosemaker/yaml v0.0.0-20251210071319-19c2e5051239 h1:gXtQQFnhhR3LoXrQms4gRU7MK0ViMaGmSNWPCC2SBYI=
github.com/MarkRosemaker/yaml v0.0.0-20251210071319-19c2e5051239/go.mod h1:ZCsZSBNpmRCahwRpdPHLxxh7nJgu70o//FGuA4ftt+E=
github.com/MarkRosemaker/yaml2json v0.0.0-20251208205025-7b6431088b7b h1:ktptYL4agSegf5F+6qaCQsQQ/w6IKRpsgA0/wIyJyKg=
github.com/MarkRosemaker/yaml2json v0.0.0-20251208205025-7b6431088b7b/go.mod h1:nH8RhjuY1qw+SNHuEHF+HqRRgAClWN1Xhb5eMtFGaJI=
github.com/ettle/strcase v0.2.0 h1:fGNiVF21fHXpX1niBgk0aROov1LagYsOwV/xqKDKR/Q=
github.com/ettle/strcase v0.2.0/go.mod h1:DajmHElDSaX76ITe3/VHVyMin4LWSJN5Z909Wp+ED1A=
github.com/go-api-libs/types v0.0.0-20251210072721-82754f56609d h1:OihMUySw53Oy0DTnE1CAfQ6YkX5/NBaS8Vc2Ww4T56Y=
github.com/go-api-libs/types v0.0.0-20251210072721-82754f56609d/go.mod h1:tJx9kzXjCU+mT7BzZvqg149HnZiHmr8JvbFWsvm5vp0=
github.com/google/go-cmp v0.7.0 h1:wk8382ETsv4JYUZwIsn6YpYiWiBsYLSJiTsyBybVuN8=
github.com/google/go-cmp v0.7.0/go.mod h1:pXiqmnSA92OHEEa9HXL2W4E7lf9JzCmGVUdgjX3N/iU=
golang.org/x/exp v0.0.0-20260410095643-746e56fc9e2f h1:W3F4c+6OLc6H2lb//N1q4WpJkhzJCK5J6kUi1NTVXfM=
golang.org/x/exp v0.0.0-20260410095643-746e56fc9e2f/go.mod h1:J1xhfL/vlindoeF/aINzNzt2Bket5bjo9sdOYzOsU80=
gopkg.in/check.v1 v0.0.0-20161208181325-20d25e280405 h1:yhCVgyC4o1eVCa2tZl7eS0r+SDo693bJlVdllGtEeKM=
gopkg.in/check.v1 v0.0.0-20161208181325-20d25e280405/go.mod h1:Co6ibVJAznAaIkqp8huTwlJQCZ016jof/cbN4VW5Yz0=
gopkg.in/yaml.v3 v3.0.1 h1:fxVm/GzAzEWqLHuvctI91KS9hhNmmWOoWu0XTYJS7CA=
gopkg.in/yaml.v3 v3.0.1/go.mod h1:K4uyk7z7BCEPqu6E+C64Yfv1cQ7kz7rIZviUmN+EgEM=
